// !$*UTF8*$!
{
	archiveVersion = 1;
	classes = {
	};
	objectVersion = 46;
	objects = {

/* Begin PBXBuildFile section */
		B8DBAFC01EC023CF0099AEEB /* AppDelegate.swift in Sources */ = {isa = PBXBuildFile; fileRef = B8DBAFBF1EC023CF0099AEEB /* AppDelegate.swift */; };
		B8DBAFC21EC023CF0099AEEB /* ViewController.swift in Sources */ = {isa = PBXBuildFile; fileRef = B8DBAFC11EC023CF0099AEEB /* ViewController.swift */; };
		B8DBAFC51EC023CF0099AEEB /* Main.storyboard in Resources */ = {isa = PBXBuildFile; fileRef = B8DBAFC31EC023CF0099AEEB /* Main.storyboard */; };
		B8DBAFC71EC023CF0099AEEB /* Assets.xcassets in Resources */ = {isa = PBXBuildFile; fileRef = B8DBAFC61EC023CF0099AEEB /* Assets.xcassets */; };
		B8DBAFCA1EC023CF0099AEEB /* LaunchScreen.storyboard in Resources */ = {isa = PBXBuildFile; fileRef = B8DBAFC81EC023CF0099AEEB /* LaunchScreen.storyboard */; };
		B8DBAFD51EC023D00099AEEB /* iOS_InterviewTests.swift in Sources */ = {isa = PBXBuildFile; fileRef = B8DBAFD41EC023D00099AEEB /* iOS_InterviewTests.swift */; };
		B8DBAFE21EC024DD0099AEEB /* RestClient.swift in Sources */ = {isa = PBXBuildFile; fileRef = B8DBAFE11EC024DD0099AEEB /* RestClient.swift */; };
		B8DBAFE41EC02AAD0099AEEB /* Item.swift in Sources */ = {isa = PBXBuildFile; fileRef = B8DBAFE31EC02AAD0099AEEB /* Item.swift */; };
		B8DBAFE61EC031240099AEEB /* items.json in Resources */ = {isa = PBXBuildFile; fileRef = B8DBAFE51EC031240099AEEB /* items.json */; };
/* End PBXBuildFile section */

/* Begin PBXContainerItemProxy section */
		B8DBAFD11EC023D00099AEEB /* PBXContainerItemProxy */ = {
			isa = PBXContainerItemProxy;
			containerPortal = B8DBAFB41EC023CF0099AEEB /* Project object */;
			proxyType = 1;
			remoteGlobalIDString = B8DBAFBB1EC023CF0099AEEB;
			remoteInfo = iOS_Interview;
		};
/* End PBXContainerItemProxy section */

/* Begin PBXFileReference section */
		B8DBAFBC1EC023CF0099AEEB /* iOS_Interview.app */ = {isa = PBXFileReference; explicitFileType = wrapper.application; includeInIndex = 0; path = iOS_Interview.app; sourceTree = BUILT_PRODUCTS_DIR; };
		B8DBAFBF1EC023CF0099AEEB /* AppDelegate.swift */ = {isa = PBXFileReference; lastKnownFileType = sourcecode.swift; path = AppDelegate.swift; sourceTree = "<group>"; };
		B8DBAFC11EC023CF0099AEEB /* ViewController.swift */ = {isa = PBXFileReference; lastKnownFileType = sourcecode.swift; path = ViewController.swift; sourceTree = "<group>"; };
		B8DBAFC41EC023CF0099AEEB /* Base */ = {isa = PBXFileReference; lastKnownFileType = file.storyboard; name = Base; path = Base.lproj/Main.storyboard; sourceTree = "<group>"; };
		B8DBAFC61EC023CF0099AEEB /* Assets.xcassets */ = {isa = PBXFileReference; lastKnownFileType = folder.assetcatalog; path = Assets.xcassets; sourceTree = "<group>"; };
		B8DBAFC91EC023CF0099AEEB /* Base */ = {isa = PBXFileReference; lastKnownFileType = file.storyboard; name = Base; path = Base.lproj/LaunchScreen.storyboard; sourceTree = "<group>"; };
		B8DBAFCB1EC023CF0099AEEB /* Info.plist */ = {isa = PBXFileReference; lastKnownFileType = text.plist.xml; path = Info.plist; sourceTree = "<group>"; };
		B8DBAFD01EC023D00099AEEB /* iOS_InterviewTests.xctest */ = {isa = PBXFileReference; explicitFileType = wrapper.cfbundle; includeInIndex = 0; path = iOS_InterviewTests.xctest; sourceTree = BUILT_PRODUCTS_DIR; };
		B8DBAFD41EC023D00099AEEB /* iOS_InterviewTests.swift */ = {isa = PBXFileReference; lastKnownFileType = sourcecode.swift; path = iOS_InterviewTests.swift; sourceTree = "<group>"; };
		B8DBAFD61EC023D00099AEEB /* Info.plist */ = {isa = PBXFileReference; lastKnownFileType = text.plist.xml; path = Info.plist; sourceTree = "<group>"; };
		B8DBAFE11EC024DD0099AEEB /* RestClient.swift */ = {isa = PBXFileReference; fileEncoding = 4; lastKnownFileType = sourcecode.swift; path = RestClient.swift; sourceTree = "<group>"; };
		B8DBAFE31EC02AAD0099AEEB /* Item.swift */ = {isa = PBXFileReference; fileEncoding = 4; lastKnownFileType = sourcecode.swift; path = Item.swift; sourceTree = "<group>"; };
		B8DBAFE51EC031240099AEEB /* items.json */ = {isa = PBXFileReference; fileEncoding = 4; lastKnownFileType = text.json; path = items.json; sourceTree = "<group>"; };
/* End PBXFileReference section */

/* Begin PBXFrameworksBuildPhase section */
		B8DBAFB91EC023CF0099AEEB /* Frameworks */ = {
			isa = PBXFrameworksBuildPhase;
			buildActionMask = 2147483647;
			files = (
			);
			runOnlyForDeploymentPostprocessing = 0;
		};
		B8DBAFCD1EC023D00099AEEB /* Frameworks */ = {
			isa = PBXFrameworksBuildPhase;
			buildActionMask = 2147483647;
			files = (
			);
			runOnlyForDeploymentPostprocessing = 0;
		};
/* End PBXFrameworksBuildPhase section */

/* Begin PBXGroup section */
		B8DBAFB31EC023CF0099AEEB = {
			isa = PBXGroup;
			children = (
				B8DBAFBE1EC023CF0099AEEB /* iOS_Interview */,
				B8DBAFD31EC023D00099AEEB /* iOS_InterviewTests */,
				B8DBAFBD1EC023CF0099AEEB /* Products */,
			);
			sourceTree = "<group>";
		};
		B8DBAFBD1EC023CF0099AEEB /* Products */ = {
			isa = PBXGroup;
			children = (
				B8DBAFBC1EC023CF0099AEEB /* iOS_Interview.app */,
				B8DBAFD01EC023D00099AEEB /* iOS_InterviewTests.xctest */,
			);
			name = Products;
			sourceTree = "<group>";
		};
		B8DBAFBE1EC023CF0099AEEB /* iOS_Interview */ = {
			isa = PBXGroup;
			children = (
				B8DBAFEA1EC03F8D0099AEEB /* Controller */,
				B8DBAFEB1EC047860099AEEB /* Network */,
				B8DBAFE81EC03F730099AEEB /* Model */,
				B8DBAFC31EC023CF0099AEEB /* Main.storyboard */,
				B8DBAFE71EC03F550099AEEB /* Supporting Files */,
			);
			path = iOS_Interview;
			sourceTree = "<group>";
		};
		B8DBAFD31EC023D00099AEEB /* iOS_InterviewTests */ = {
			isa = PBXGroup;
			children = (
				B8DBAFD41EC023D00099AEEB /* iOS_InterviewTests.swift */,
				B8DBAFD61EC023D00099AEEB /* Info.plist */,
			);
			path = iOS_InterviewTests;
			sourceTree = "<group>";
		};
		B8DBAFE71EC03F550099AEEB /* Supporting Files */ = {
			isa = PBXGroup;
			children = (
				B8DBAFBF1EC023CF0099AEEB /* AppDelegate.swift */,
				B8DBAFC61EC023CF0099AEEB /* Assets.xcassets */,
				B8DBAFE51EC031240099AEEB /* items.json */,
				B8DBAFC81EC023CF0099AEEB /* LaunchScreen.storyboard */,
				B8DBAFCB1EC023CF0099AEEB /* Info.plist */,
			);
			name = "Supporting Files";
			sourceTree = "<group>";
		};
		B8DBAFE81EC03F730099AEEB /* Model */ = {
			isa = PBXGroup;
			children = (
				B8DBAFE31EC02AAD0099AEEB /* Item.swift */,
			);
			name = Model;
			sourceTree = "<group>";
		};
		B8DBAFEA1EC03F8D0099AEEB /* Controller */ = {
			isa = PBXGroup;
			children = (
				B8DBAFC11EC023CF0099AEEB /* ViewController.swift */,
			);
			name = Controller;
			sourceTree = "<group>";
		};
		B8DBAFEB1EC047860099AEEB /* Network */ = {
			isa = PBXGroup;
			children = (
				B8DBAFE11EC024DD0099AEEB /* RestClient.swift */,
			);
			name = Network;
			sourceTree = "<group>";
		};
/* End PBXGroup section */

/* Begin PBXNativeTarget section */
		B8DBAFBB1EC023CF0099AEEB /* iOS_Interview */ = {
			isa = PBXNativeTarget;
			buildConfigurationList = B8DBAFD91EC023D00099AEEB /* Build configuration list for PBXNativeTarget "iOS_Interview" */;
			buildPhases = (
				B8DBAFB81EC023CF0099AEEB /* Sources */,
				B8DBAFB91EC023CF0099AEEB /* Frameworks */,
				B8DBAFBA1EC023CF0099AEEB /* Resources */,
			);
			buildRules = (
			);
			dependencies = (
			);
			name = iOS_Interview;
			productName = iOS_Interview;
			productReference = B8DBAFBC1EC023CF0099AEEB /* iOS_Interview.app */;
			productType = "com.apple.product-type.application";
		};
		B8DBAFCF1EC023D00099AEEB /* iOS_InterviewTests */ = {
			isa = PBXNativeTarget;
			buildConfigurationList = B8DBAFDC1EC023D00099AEEB /* Build configuration list for PBXNativeTarget "iOS_InterviewTests" */;
			buildPhases = (
				B8DBAFCC1EC023D00099AEEB /* Sources */,
				B8DBAFCD1EC023D00099AEEB /* Frameworks */,
				B8DBAFCE1EC023D00099AEEB /* Resources */,
			);
			buildRules = (
			);
			dependencies = (
				B8DBAFD21EC023D00099AEEB /* PBXTargetDependency */,
			);
			name = iOS_InterviewTests;
			productName = iOS_InterviewTests;
			productReference = B8DBAFD01EC023D00099AEEB /* iOS_InterviewTests.xctest */;
			productType = "com.apple.product-type.bundle.unit-test";
		};
/* End PBXNativeTarget section */

/* Begin PBXProject section */
		B8DBAFB41EC023CF0099AEEB /* Project object */ = {
			isa = PBXProject;
			attributes = {
				LastSwiftUpdateCheck = 0820;
				LastUpgradeCheck = 0820;
				ORGANIZATIONNAME = siwook;
				TargetAttributes = {
					B8DBAFBB1EC023CF0099AEEB = {
						CreatedOnToolsVersion = 8.2.1;
						DevelopmentTeam = MFYH4C9VNG;
						ProvisioningStyle = Automatic;
					};
					B8DBAFCF1EC023D00099AEEB = {
						CreatedOnToolsVersion = 8.2.1;
						DevelopmentTeam = MFYH4C9VNG;
						ProvisioningStyle = Automatic;
						TestTargetID = B8DBAFBB1EC023CF0099AEEB;
					};
				};
			};
			buildConfigurationList = B8DBAFB71EC023CF0099AEEB /* Build configuration list for PBXProject "iOS_Interview" */;
			compatibilityVersion = "Xcode 3.2";
			developmentRegion = English;
			hasScannedForEncodings = 0;
			knownRegions = (
				en,
				Base,
			);
			mainGroup = B8DBAFB31EC023CF0099AEEB;
			productRefGroup = B8DBAFBD1EC023CF0099AEEB /* Products */;
			projectDirPath = "";
			projectRoot = "";
			targets = (
				B8DBAFBB1EC023CF0099AEEB /* iOS_Interview */,
				B8DBAFCF1EC023D00099AEEB /* iOS_InterviewTests */,
			);
		};
/* End PBXProject section */

/* Begin PBXResourcesBuildPhase section */
		B8DBAFBA1EC023CF0099AEEB /* Resources */ = {
			isa = PBXResourcesBuildPhase;
			buildActionMask = 2147483647;
			files = (
				B8DBAFE61EC031240099AEEB /* items.json in Resources */,
				B8DBAFCA1EC023CF0099AEEB /* LaunchScreen.storyboard in Resources */,
				B8DBAFC71EC023CF0099AEEB /* Assets.xcassets in Resources */,
				B8DBAFC51EC023CF0099AEEB /* Main.storyboard in Resources */,
			);
			runOnlyForDeploymentPostprocessing = 0;
		};
		B8DBAFCE1EC023D00099AEEB /* Resources */ = {
			isa = PBXResourcesBuildPhase;
			buildActionMask = 2147483647;
			files = (
			);
			runOnlyForDeploymentPostprocessing = 0;
		};
/* End PBXResourcesBuildPhase section */

/* Begin PBXSourcesBuildPhase section */
		B8DBAFB81EC023CF0099AEEB /* Sources */ = {
			isa = PBXSourcesBuildPhase;
			buildActionMask = 2147483647;
			files = (
				B8DBAFE41EC02AAD0099AEEB /* Item.swift in Sources */,
				B8DBAFC21EC023CF0099AEEB /* ViewController.swift in Sources */,
				B8DBAFE21EC024DD0099AEEB /* RestClient.swift in Sources */,
				B8DBAFC01EC023CF0099AEEB /* AppDelegate.swift in Sources */,
			);
			runOnlyForDeploymentPostprocessing = 0;
		};
		B8DBAFCC1EC023D00099AEEB /* Sources */ = {
			isa = PBXSourcesBuildPhase;
			buildActionMask = 2147483647;
			files = (
				B8DBAFD51EC023D00099AEEB /* iOS_InterviewTests.swift in Sources */,
			);
			runOnlyForDeploymentPostprocessing = 0;
		};
/* End PBXSourcesBuildPhase section */

/* Begin PBXTargetDependency section */
		B8DBAFD21EC023D00099AEEB /* PBXTargetDependency */ = {
			isa = PBXTargetDependency;
			target = B8DBAFBB1EC023CF0099AEEB /* iOS_Interview */;
			targetProxy = B8DBAFD11EC023D00099AEEB /* PBXContainerItemProxy */;
		};
/* End PBXTargetDependency section */

/* Begin PBXVariantGroup section */
		B8DBAFC31EC023CF0099AEEB /* Main.storyboard */ = {
			isa = PBXVariantGroup;
			children = (
				B8DBAFC41EC023CF0099AEEB /* Base */,
			);
			name = Main.storyboard;
			sourceTree = "<group>";
		};
		B8DBAFC81EC023CF0099AEEB /* LaunchScreen.storyboard */ = {
			isa = PBXVariantGroup;
			children = (
				B8DBAFC91EC023CF0099AEEB /* Base */,
			);
			name = LaunchScreen.storyboard;
			sourceTree = "<group>";
		};
/* End PBXVariantGroup section */

/* Begin XCBuildConfiguration section */
		B8DBAFD71EC023D00099AEEB /* Debug */ = {
			isa = XCBuildConfiguration;
			buildSettings = {
				ALWAYS_SEARCH_USER_PATHS = NO;
				CLANG_ANALYZER_NONNULL = YES;
				CLANG_CXX_LANGUAGE_STANDARD = "gnu++0x";
				CLANG_CXX_LIBRARY = "libc++";
				CLANG_ENABLE_MODULES = YES;
				CLANG_ENABLE_OBJC_ARC = YES;
				CLANG_WARN_BOOL_CONVERSION = YES;
				CLANG_WARN_CONSTANT_CONVERSION = YES;
				CLANG_WARN_DIRECT_OBJC_ISA_USAGE = YES_ERROR;
				CLANG_WARN_DOCUMENTATION_COMMENTS = YES;
				CLANG_WARN_EMPTY_BODY = YES;
				CLANG_WARN_ENUM_CONVERSION = YES;
				CLANG_WARN_INFINITE_RECURSION = YES;
				CLANG_WARN_INT_CONVERSION = YES;
				CLANG_WARN_OBJC_ROOT_CLASS = YES_ERROR;
				CLANG_WARN_SUSPICIOUS_MOVE = YES;
				CLANG_WARN_UNREACHABLE_CODE = YES;
				CLANG_WARN__DUPLICATE_METHOD_MATCH = YES;
				"CODE_SIGN_IDENTITY[sdk=iphoneos*]" = "iPhone Developer";
				COPY_PHASE_STRIP = NO;
				DEBUG_INFORMATION_FORMAT = dwarf;
				ENABLE_STRICT_OBJC_MSGSEND = YES;
				ENABLE_TESTABILITY = YES;
				GCC_C_LANGUAGE_STANDARD = gnu99;
				GCC_DYNAMIC_NO_PIC = NO;
				GCC_NO_COMMON_BLOCKS = YES;
				GCC_OPTIMIZATION_LEVEL = 0;
				GCC_PREPROCESSOR_DEFINITIONS = (
					"DEBUG=1",
					"$(inherited)",
				);
				GCC_WARN_64_TO_32_BIT_CONVERSION = YES;
				GCC_WARN_ABOUT_RETURN_TYPE = YES_ERROR;
				GCC_WARN_UNDECLARED_SELECTOR = YES;
				GCC_WARN_UNINITIALIZED_AUTOS = YES_AGGRESSIVE;
				GCC_WARN_UNUSED_FUNCTION = YES;
				GCC_WARN_UNUSED_VARIABLE = YES;
				IPHONEOS_DEPLOYMENT_TARGET = 10.2;
				MTL_ENABLE_DEBUG_INFO = YES;
				ONLY_ACTIVE_ARCH = YES;
				SDKROOT = iphoneos;
				SWIFT_ACTIVE_COMPILATION_CONDITIONS = DEBUG;
				SWIFT_OPTIMIZATION_LEVEL = "-Onone";
				TARGETED_DEVICE_FAMILY = "1,2";
			};
			name = Debug;
		};
		B8DBAFD81EC023D00099AEEB /* Release */ = {
			isa = XCBuildConfiguration;
			buildSettings = {
				ALWAYS_SEARCH_USER_PATHS = NO;
				CLANG_ANALYZER_NONNULL = YES;
				CLANG_CXX_LANGUAGE_STANDARD = "gnu++0x";
				CLANG_CXX_LIBRARY = "libc++";
				CLANG_ENABLE_MODULES = YES;
				CLANG_ENABLE_OBJC_ARC = YES;
				CLANG_WARN_BOOL_CONVERSION = YES;
				CLANG_WARN_CONSTANT_CONVERSION = YES;
				CLANG_WARN_DIRECT_OBJC_ISA_USAGE = YES_ERROR;
				CLANG_WARN_DOCUMENTATION_COMMENTS = YES;
				CLANG_WARN_EMPTY_BODY = YES;
				CLANG_WARN_ENUM_CONVERSION = YES;
				CLANG_WARN_INFINITE_RECURSION = YES;
				CLANG_WARN_INT_CONVERSION = YES;
				CLANG_WARN_OBJC_ROOT_CLASS = YES_ERROR;
				CLANG_WARN_SUSPICIOUS_MOVE = YES;
				CLANG_WARN_UNREACHABLE_CODE = YES;
				CLANG_WARN__DUPLICATE_METHOD_MATCH = YES;
				"CODE_SIGN_IDENTITY[sdk=iphoneos*]" = "iPhone Developer";
				COPY_PHASE_STRIP = NO;
				DEBUG_INFORMATION_FORMAT = "dwarf-with-dsym";
				ENABLE_NS_ASSERTIONS = NO;
				ENABLE_STRICT_OBJC_MSGSEND = YES;
				GCC_C_LANGUAGE_STANDARD = gnu99;
				GCC_NO_COMMON_BLOCKS = YES;
				GCC_WARN_64_TO_32_BIT_CONVERSION = YES;
				GCC_WARN_ABOUT_RETURN_TYPE = YES_ERROR;
				GCC_WARN_UNDECLARED_SELECTOR = YES;
				GCC_WARN_UNINITIALIZED_AUTOS = YES_AGGRESSIVE;
				GCC_WARN_UNUSED_FUNCTION = YES;
				GCC_WARN_UNUSED_VARIABLE = YES;
				IPHONEOS_DEPLOYMENT_TARGET = 10.2;
				MTL_ENABLE_DEBUG_INFO = NO;
				SDKROOT = iphoneos;
				SWIFT_OPTIMIZATION_LEVEL = "-Owholemodule";
				TARGETED_DEVICE_FAMILY = "1,2";
				VALIDATE_PRODUCT = YES;
			};
			name = Release;
		};
		B8DBAFDA1EC023D00099AEEB /* Debug */ = {
			isa = XCBuildConfiguration;
			buildSettings = {
				ASSETCATALOG_COMPILER_APPICON_NAME = AppIcon;
				DEVELOPMENT_TEAM = MFYH4C9VNG;
				INFOPLIST_FILE = iOS_Interview/Info.plist;
				LD_RUNPATH_SEARCH_PATHS = "$(inherited) @executable_path/Frameworks";
				PRODUCT_BUNDLE_IDENTIFIER = "com.woogii.iOS-Interview";
				PRODUCT_NAME = "$(TARGET_NAME)";
				SWIFT_VERSION = 3.0;
			};
			name = Debug;
		};
		B8DBAFDB1EC023D00099AEEB /* Release */ = {
			isa = XCBuildConfiguration;
			buildSettings = {
				ASSETCATALOG_COMPILER_APPICON_NAME = AppIcon;
				DEVELOPMENT_TEAM = MFYH4C9VNG;
				INFOPLIST_FILE = iOS_Interview/Info.plist;
				LD_RUNPATH_SEARCH_PATHS = "$(inherited) @executable_path/Frameworks";
				PRODUCT_BUNDLE_IDENTIFIER = "com.woogii.iOS-Interview";
				PRODUCT_NAME = "$(TARGET_NAME)";
				SWIFT_VERSION = 3.0;
			};
			name = Release;
		};
		B8DBAFDD1EC023D00099AEEB /* Debug */ = {
			isa = XCBuildConfiguration;
			buildSettings = {
				ALWAYS_EMBED_SWIFT_STANDARD_LIBRARIES = YES;
				BUNDLE_LOADER = "$(TEST_HOST)";
				DEVELOPMENT_TEAM = MFYH4C9VNG;
				INFOPLIST_FILE = iOS_InterviewTests/Info.plist;
				LD_RUNPATH_SEARCH_PATHS = "$(inherited) @executable_path/Frameworks @loader_path/Frameworks";
				PRODUCT_BUNDLE_IDENTIFIER = "com.woogii.iOS-InterviewTests";
				PRODUCT_NAME = "$(TARGET_NAME)";
				SWIFT_VERSION = 3.0;
				TEST_HOST = "$(BUILT_PRODUCTS_DIR)/iOS_Interview.app/iOS_Interview";
			};
			name = Debug;
		};
		B8DBAFDE1EC023D00099AEEB /* Release */ = {
			isa = XCBuildConfiguration;
			buildSettings = {
				ALWAYS_EMBED_SWIFT_STANDARD_LIBRARIES = YES;
				BUNDLE_LOADER = "$(TEST_HOST)";
				DEVELOPMENT_TEAM = MFYH4C9VNG;
				INFOPLIST_FILE = iOS_InterviewTests/Info.plist;
				LD_RUNPATH_SEARCH_PATHS = "$(inherited) @executable_path/Frameworks @loader_path/Frameworks";
				PRODUCT_BUNDLE_IDENTIFIER = "com.woogii.iOS-InterviewTests";
				PRODUCT_NAME = "$(TARGET_NAME)";
				SWIFT_VERSION = 3.0;
				TEST_HOST = "$(BUILT_PRODUCTS_DIR)/iOS_Interview.app/iOS_Interview";
			};
			name = Release;
		};
/* End XCBuildConfiguration section */

/* Begin XCConfigurationList section */
		B8DBAFB71EC023CF0099AEEB /* Build configuration list for PBXProject "iOS_Interview" */ = {
			isa = XCConfigurationList;
			buildConfigurations = (
				B8DBAFD71EC023D00099AEEB /* Debug */,
				B8DBAFD81EC023D00099AEEB /* Release */,
			);
			defaultConfigurationIsVisible = 0;
			defaultConfigurationName = Release;
		};
		B8DBAFD91EC023D00099AEEB /* Build configuration list for PBXNativeTarget "iOS_Interview" */ = {
			isa = XCConfigurationList;
			buildConfigurations = (
				B8DBAFDA1EC023D00099AEEB /* Debug */,
				B8DBAFDB1EC023D00099AEEB /* Release */,
			);
			defaultConfigurationIsVisible = 0;
			defaultConfigurationName = Release;
		};
		B8DBAFDC1EC023D00099AEEB /* Build configuration list for PBXNativeTarget "iOS_InterviewTests" */ = {
			isa = XCConfigurationList;
			buildConfigurations = (
				B8DBAFDD1EC023D00099AEEB /* Debug */,
				B8DBAFDE1EC023D00099AEEB /* Release */,
			);
			defaultConfigurationIsVisible = 0;
			defaultConfigurationName = Release;
		};
/* End XCConfigurationList section */
	};
	rootObject = B8DBAFB41EC023CF0099AEEB /* Project object */;
}
