// !$*UTF8*$!
{
	archiveVersion = 1;
	classes = {
	};
	objectVersion = 46;
	objects = {

/* Begin PBXBuildFile section */
		4D155D501ABA5997001664B9 /* AppDelegate.swift in Sources */ = {isa = PBXBuildFile; fileRef = 4D155D4F1ABA5997001664B9 /* AppDelegate.swift */; };
		4D155D551ABA5997001664B9 /* MasterViewController.swift in Sources */ = {isa = PBXBuildFile; fileRef = 4D155D541ABA5997001664B9 /* MasterViewController.swift */; };
		4D155D571ABA5997001664B9 /* DetailViewController.swift in Sources */ = {isa = PBXBuildFile; fileRef = 4D155D561ABA5997001664B9 /* DetailViewController.swift */; };
		4D155D5A1ABA5997001664B9 /* Main.storyboard in Resources */ = {isa = PBXBuildFile; fileRef = 4D155D581ABA5997001664B9 /* Main.storyboard */; };
		4D155D5C1ABA5998001664B9 /* Images.xcassets in Resources */ = {isa = PBXBuildFile; fileRef = 4D155D5B1ABA5998001664B9 /* Images.xcassets */; };
		4D155D5F1ABA5998001664B9 /* LaunchScreen.xib in Resources */ = {isa = PBXBuildFile; fileRef = 4D155D5D1ABA5998001664B9 /* LaunchScreen.xib */; };
		4D155D6B1ABA5998001664B9 /* PlainMasterDetailTests.swift in Sources */ = {isa = PBXBuildFile; fileRef = 4D155D6A1ABA5998001664B9 /* PlainMasterDetailTests.swift */; };
		4D155D751ABA59E1001664B9 /* Event.swift in Sources */ = {isa = PBXBuildFile; fileRef = 4D155D741ABA59E1001664B9 /* Event.swift */; };
		4D155D771ABA5C22001664B9 /* CoreDataStackManager.swift in Sources */ = {isa = PBXBuildFile; fileRef = 4D155D761ABA5C22001664B9 /* CoreDataStackManager.swift */; };
		D2B44F6D1C09710D005DD9D0 /* Model.xcdatamodeld in Sources */ = {isa = PBXBuildFile; fileRef = D2B44F6B1C09710D005DD9D0 /* Model.xcdatamodeld */; };
/* End PBXBuildFile section */

/* Begin PBXContainerItemProxy section */
		4D155D651ABA5998001664B9 /* PBXContainerItemProxy */ = {
			isa = PBXContainerItemProxy;
			containerPortal = 4D155D421ABA5997001664B9 /* Project object */;
			proxyType = 1;
			remoteGlobalIDString = 4D155D491ABA5997001664B9;
			remoteInfo = PlainMasterDetail;
		};
/* End PBXContainerItemProxy section */

/* Begin PBXFileReference section */
		4D155D4A1ABA5997001664B9 /* PlainMasterDetail.app */ = {isa = PBXFileReference; explicitFileType = wrapper.application; includeInIndex = 0; path = PlainMasterDetail.app; sourceTree = BUILT_PRODUCTS_DIR; };
		4D155D4E1ABA5997001664B9 /* Info.plist */ = {isa = PBXFileReference; lastKnownFileType = text.plist.xml; path = Info.plist; sourceTree = "<group>"; };
		4D155D4F1ABA5997001664B9 /* AppDelegate.swift */ = {isa = PBXFileReference; lastKnownFileType = sourcecode.swift; path = AppDelegate.swift; sourceTree = "<group>"; };
		4D155D541ABA5997001664B9 /* MasterViewController.swift */ = {isa = PBXFileReference; lastKnownFileType = sourcecode.swift; path = MasterViewController.swift; sourceTree = "<group>"; };
		4D155D561ABA5997001664B9 /* DetailViewController.swift */ = {isa = PBXFileReference; lastKnownFileType = sourcecode.swift; path = DetailViewController.swift; sourceTree = "<group>"; };
		4D155D591ABA5997001664B9 /* Base */ = {isa = PBXFileReference; lastKnownFileType = file.storyboard; name = Base; path = Base.lproj/Main.storyboard; sourceTree = "<group>"; };
		4D155D5B1ABA5998001664B9 /* Images.xcassets */ = {isa = PBXFileReference; lastKnownFileType = folder.assetcatalog; path = Images.xcassets; sourceTree = "<group>"; };
		4D155D5E1ABA5998001664B9 /* Base */ = {isa = PBXFileReference; lastKnownFileType = file.xib; name = Base; path = Base.lproj/LaunchScreen.xib; sourceTree = "<group>"; };
		4D155D641ABA5998001664B9 /* PlainMasterDetailTests.xctest */ = {isa = PBXFileReference; explicitFileType = wrapper.cfbundle; includeInIndex = 0; path = PlainMasterDetailTests.xctest; sourceTree = BUILT_PRODUCTS_DIR; };
		4D155D691ABA5998001664B9 /* Info.plist */ = {isa = PBXFileReference; lastKnownFileType = text.plist.xml; path = Info.plist; sourceTree = "<group>"; };
		4D155D6A1ABA5998001664B9 /* PlainMasterDetailTests.swift */ = {isa = PBXFileReference; lastKnownFileType = sourcecode.swift; path = PlainMasterDetailTests.swift; sourceTree = "<group>"; };
		4D155D741ABA59E1001664B9 /* Event.swift */ = {isa = PBXFileReference; fileEncoding = 4; lastKnownFileType = sourcecode.swift; path = Event.swift; sourceTree = "<group>"; };
		4D155D761ABA5C22001664B9 /* CoreDataStackManager.swift */ = {isa = PBXFileReference; fileEncoding = 4; lastKnownFileType = sourcecode.swift; path = CoreDataStackManager.swift; sourceTree = "<group>"; };
		D2B44F6C1C09710D005DD9D0 /* Model.xcdatamodel */ = {isa = PBXFileReference; lastKnownFileType = wrapper.xcdatamodel; path = Model.xcdatamodel; sourceTree = "<group>"; };
/* End PBXFileReference section */

/* Begin PBXFrameworksBuildPhase section */
		4D155D471ABA5997001664B9 /* Frameworks */ = {
			isa = PBXFrameworksBuildPhase;
			buildActionMask = 2147483647;
			files = (
			);
			runOnlyForDeploymentPostprocessing = 0;
		};
		4D155D611ABA5998001664B9 /* Frameworks */ = {
			isa = PBXFrameworksBuildPhase;
			buildActionMask = 2147483647;
			files = (
			);
			runOnlyForDeploymentPostprocessing = 0;
		};
/* End PBXFrameworksBuildPhase section */

/* Begin PBXGroup section */
		4D155D411ABA5997001664B9 = {
			isa = PBXGroup;
			children = (
				4D155D4C1ABA5997001664B9 /* PlainMasterDetail */,
				4D155D671ABA5998001664B9 /* PlainMasterDetailTests */,
				4D155D4B1ABA5997001664B9 /* Products */,
			);
			sourceTree = "<group>";
		};
		4D155D4B1ABA5997001664B9 /* Products */ = {
			isa = PBXGroup;
			children = (
				4D155D4A1ABA5997001664B9 /* PlainMasterDetail.app */,
				4D155D641ABA5998001664B9 /* PlainMasterDetailTests.xctest */,
			);
			name = Products;
			sourceTree = "<group>";
		};
		4D155D4C1ABA5997001664B9 /* PlainMasterDetail */ = {
			isa = PBXGroup;
			children = (
				4D155D761ABA5C22001664B9 /* CoreDataStackManager.swift */,
				D2B44F6B1C09710D005DD9D0 /* Model.xcdatamodeld */,
				4D155D741ABA59E1001664B9 /* Event.swift */,
				4D155D541ABA5997001664B9 /* MasterViewController.swift */,
				4D155D561ABA5997001664B9 /* DetailViewController.swift */,
				4D155D4F1ABA5997001664B9 /* AppDelegate.swift */,
				4D155D581ABA5997001664B9 /* Main.storyboard */,
				4D155D5B1ABA5998001664B9 /* Images.xcassets */,
				4D155D5D1ABA5998001664B9 /* LaunchScreen.xib */,
				4D155D4D1ABA5997001664B9 /* Supporting Files */,
			);
			path = PlainMasterDetail;
			sourceTree = "<group>";
		};
		4D155D4D1ABA5997001664B9 /* Supporting Files */ = {
			isa = PBXGroup;
			children = (
				4D155D4E1ABA5997001664B9 /* Info.plist */,
			);
			name = "Supporting Files";
			sourceTree = "<group>";
		};
		4D155D671ABA5998001664B9 /* PlainMasterDetailTests */ = {
			isa = PBXGroup;
			children = (
				4D155D6A1ABA5998001664B9 /* PlainMasterDetailTests.swift */,
				4D155D681ABA5998001664B9 /* Supporting Files */,
			);
			path = PlainMasterDetailTests;
			sourceTree = "<group>";
		};
		4D155D681ABA5998001664B9 /* Supporting Files */ = {
			isa = PBXGroup;
			children = (
				4D155D691ABA5998001664B9 /* Info.plist */,
			);
			name = "Supporting Files";
			sourceTree = "<group>";
		};
/* End PBXGroup section */

/* Begin PBXNativeTarget section */
		4D155D491ABA5997001664B9 /* PlainMasterDetail */ = {
			isa = PBXNativeTarget;
			buildConfigurationList = 4D155D6E1ABA5998001664B9 /* Build configuration list for PBXNativeTarget "PlainMasterDetail" */;
			buildPhases = (
				4D155D461ABA5997001664B9 /* Sources */,
				4D155D471ABA5997001664B9 /* Frameworks */,
				4D155D481ABA5997001664B9 /* Resources */,
			);
			buildRules = (
			);
			dependencies = (
			);
			name = PlainMasterDetail;
			productName = PlainMasterDetail;
			productReference = 4D155D4A1ABA5997001664B9 /* PlainMasterDetail.app */;
			productType = "com.apple.product-type.application";
		};
		4D155D631ABA5998001664B9 /* PlainMasterDetailTests */ = {
			isa = PBXNativeTarget;
			buildConfigurationList = 4D155D711ABA5998001664B9 /* Build configuration list for PBXNativeTarget "PlainMasterDetailTests" */;
			buildPhases = (
				4D155D601ABA5998001664B9 /* Sources */,
				4D155D611ABA5998001664B9 /* Frameworks */,
				4D155D621ABA5998001664B9 /* Resources */,
			);
			buildRules = (
			);
			dependencies = (
				4D155D661ABA5998001664B9 /* PBXTargetDependency */,
			);
			name = PlainMasterDetailTests;
			productName = PlainMasterDetailTests;
			productReference = 4D155D641ABA5998001664B9 /* PlainMasterDetailTests.xctest */;
			productType = "com.apple.product-type.bundle.unit-test";
		};
/* End PBXNativeTarget section */

/* Begin PBXProject section */
		4D155D421ABA5997001664B9 /* Project object */ = {
			isa = PBXProject;
			attributes = {
				LastSwiftUpdateCheck = 0700;
				LastUpgradeCheck = 0700;
				ORGANIZATIONNAME = Udacity;
				TargetAttributes = {
					4D155D491ABA5997001664B9 = {
						CreatedOnToolsVersion = 6.1.1;
					};
					4D155D631ABA5998001664B9 = {
						CreatedOnToolsVersion = 6.1.1;
						TestTargetID = 4D155D491ABA5997001664B9;
					};
				};
			};
			buildConfigurationList = 4D155D451ABA5997001664B9 /* Build configuration list for PBXProject "PlainMasterDetail" */;
			compatibilityVersion = "Xcode 3.2";
			developmentRegion = English;
			hasScannedForEncodings = 0;
			knownRegions = (
				en,
				Base,
			);
			mainGroup = 4D155D411ABA5997001664B9;
			productRefGroup = 4D155D4B1ABA5997001664B9 /* Products */;
			projectDirPath = "";
			projectRoot = "";
			targets = (
				4D155D491ABA5997001664B9 /* PlainMasterDetail */,
				4D155D631ABA5998001664B9 /* PlainMasterDetailTests */,
			);
		};
/* End PBXProject section */

/* Begin PBXResourcesBuildPhase section */
		4D155D481ABA5997001664B9 /* Resources */ = {
			isa = PBXResourcesBuildPhase;
			buildActionMask = 2147483647;
			files = (
				4D155D5A1ABA5997001664B9 /* Main.storyboard in Resources */,
				4D155D5F1ABA5998001664B9 /* LaunchScreen.xib in Resources */,
				4D155D5C1ABA5998001664B9 /* Images.xcassets in Resources */,
			);
			runOnlyForDeploymentPostprocessing = 0;
		};
		4D155D621ABA5998001664B9 /* Resources */ = {
			isa = PBXResourcesBuildPhase;
			buildActionMask = 2147483647;
			files = (
			);
			runOnlyForDeploymentPostprocessing = 0;
		};
/* End PBXResourcesBuildPhase section */

/* Begin PBXSourcesBuildPhase section */
		4D155D461ABA5997001664B9 /* Sources */ = {
			isa = PBXSourcesBuildPhase;
			buildActionMask = 2147483647;
			files = (
				4D155D501ABA5997001664B9 /* AppDelegate.swift in Sources */,
				4D155D551ABA5997001664B9 /* MasterViewController.swift in Sources */,
				4D155D571ABA5997001664B9 /* DetailViewController.swift in Sources */,
				4D155D771ABA5C22001664B9 /* CoreDataStackManager.swift in Sources */,
				4D155D751ABA59E1001664B9 /* Event.swift in Sources */,
				D2B44F6D1C09710D005DD9D0 /* Model.xcdatamodeld in Sources */,
			);
			runOnlyForDeploymentPostprocessing = 0;
		};
		4D155D601ABA5998001664B9 /* Sources */ = {
			isa = PBXSourcesBuildPhase;
			buildActionMask = 2147483647;
			files = (
				4D155D6B1ABA5998001664B9 /* PlainMasterDetailTests.swift in Sources */,
			);
			runOnlyForDeploymentPostprocessing = 0;
		};
/* End PBXSourcesBuildPhase section */

/* Begin PBXTargetDependency section */
		4D155D661ABA5998001664B9 /* PBXTargetDependency */ = {
			isa = PBXTargetDependency;
			target = 4D155D491ABA5997001664B9 /* PlainMasterDetail */;
			targetProxy = 4D155D651ABA5998001664B9 /* PBXContainerItemProxy */;
		};
/* End PBXTargetDependency section */

/* Begin PBXVariantGroup section */
		4D155D581ABA5997001664B9 /* Main.storyboard */ = {
			isa = PBXVariantGroup;
			children = (
				4D155D591ABA5997001664B9 /* Base */,
			);
			name = Main.storyboard;
			sourceTree = "<group>";
		};
		4D155D5D1ABA5998001664B9 /* LaunchScreen.xib */ = {
			isa = PBXVariantGroup;
			children = (
				4D155D5E1ABA5998001664B9 /* Base */,
			);
			name = LaunchScreen.xib;
			sourceTree = "<group>";
		};
/* End PBXVariantGroup section */

/* Begin XCBuildConfiguration section */
		4D155D6C1ABA5998001664B9 /* Debug */ = {
			isa = XCBuildConfiguration;
			buildSettings = {
				ALWAYS_SEARCH_USER_PATHS = NO;
				CLANG_CXX_LANGUAGE_STANDARD = "gnu++0x";
				CLANG_CXX_LIBRARY = "libc++";
				CLANG_ENABLE_MODULES = YES;
				CLANG_ENABLE_OBJC_ARC = YES;
				CLANG_WARN_BOOL_CONVERSION = YES;
				CLANG_WARN_CONSTANT_CONVERSION = YES;
				CLANG_WARN_DIRECT_OBJC_ISA_USAGE = YES_ERROR;
				CLANG_WARN_EMPTY_BODY = YES;
				CLANG_WARN_ENUM_CONVERSION = YES;
				CLANG_WARN_INT_CONVERSION = YES;
				CLANG_WARN_OBJC_ROOT_CLASS = YES_ERROR;
				CLANG_WARN_UNREACHABLE_CODE = YES;
				CLANG_WARN__DUPLICATE_METHOD_MATCH = YES;
				"CODE_SIGN_IDENTITY[sdk=iphoneos*]" = "iPhone Developer";
				COPY_PHASE_STRIP = NO;
				ENABLE_STRICT_OBJC_MSGSEND = YES;
				ENABLE_TESTABILITY = YES;
				GCC_C_LANGUAGE_STANDARD = gnu99;
				GCC_DYNAMIC_NO_PIC = NO;
				GCC_OPTIMIZATION_LEVEL = 0;
				GCC_PREPROCESSOR_DEFINITIONS = (
					"DEBUG=1",
					"$(inherited)",
				);
				GCC_SYMBOLS_PRIVATE_EXTERN = NO;
				GCC_WARN_64_TO_32_BIT_CONVERSION = YES;
				GCC_WARN_ABOUT_RETURN_TYPE = YES_ERROR;
				GCC_WARN_UNDECLARED_SELECTOR = YES;
				GCC_WARN_UNINITIALIZED_AUTOS = YES_AGGRESSIVE;
				GCC_WARN_UNUSED_FUNCTION = YES;
				GCC_WARN_UNUSED_VARIABLE = YES;
				IPHONEOS_DEPLOYMENT_TARGET = 8.1;
				MTL_ENABLE_DEBUG_INFO = YES;
				ONLY_ACTIVE_ARCH = YES;
				SDKROOT = iphoneos;
				SWIFT_OPTIMIZATION_LEVEL = "-Onone";
			};
			name = Debug;
		};
		4D155D6D1ABA5998001664B9 /* Release */ = {
			isa = XCBuildConfiguration;
			buildSettings = {
				ALWAYS_SEARCH_USER_PATHS = NO;
				CLANG_CXX_LANGUAGE_STANDARD = "gnu++0x";
				CLANG_CXX_LIBRARY = "libc++";
				CLANG_ENABLE_MODULES = YES;
				CLANG_ENABLE_OBJC_ARC = YES;
				CLANG_WARN_BOOL_CONVERSION = YES;
				CLANG_WARN_CONSTANT_CONVERSION = YES;
				CLANG_WARN_DIRECT_OBJC_ISA_USAGE = YES_ERROR;
				CLANG_WARN_EMPTY_BODY = YES;
				CLANG_WARN_ENUM_CONVERSION = YES;
				CLANG_WARN_INT_CONVERSION = YES;
				CLANG_WARN_OBJC_ROOT_CLASS = YES_ERROR;
				CLANG_WARN_UNREACHABLE_CODE = YES;
				CLANG_WARN__DUPLICATE_METHOD_MATCH = YES;
				"CODE_SIGN_IDENTITY[sdk=iphoneos*]" = "iPhone Developer";
				COPY_PHASE_STRIP = YES;
				ENABLE_NS_ASSERTIONS = NO;
				ENABLE_STRICT_OBJC_MSGSEND = YES;
				GCC_C_LANGUAGE_STANDARD = gnu99;
				GCC_WARN_64_TO_32_BIT_CONVERSION = YES;
				GCC_WARN_ABOUT_RETURN_TYPE = YES_ERROR;
				GCC_WARN_UNDECLARED_SELECTOR = YES;
				GCC_WARN_UNINITIALIZED_AUTOS = YES_AGGRESSIVE;
				GCC_WARN_UNUSED_FUNCTION = YES;
				GCC_WARN_UNUSED_VARIABLE = YES;
				IPHONEOS_DEPLOYMENT_TARGET = 8.1;
				MTL_ENABLE_DEBUG_INFO = NO;
				SDKROOT = iphoneos;
				VALIDATE_PRODUCT = YES;
			};
			name = Release;
		};
		4D155D6F1ABA5998001664B9 /* Debug */ = {
			isa = XCBuildConfiguration;
			buildSettings = {
				ASSETCATALOG_COMPILER_APPICON_NAME = AppIcon;
				INFOPLIST_FILE = PlainMasterDetail/Info.plist;
				LD_RUNPATH_SEARCH_PATHS = "$(inherited) @executable_path/Frameworks";
				PRODUCT_BUNDLE_IDENTIFIER = "Udacity.$(PRODUCT_NAME:rfc1034identifier)";
				PRODUCT_NAME = "$(TARGET_NAME)";
			};
			name = Debug;
		};
		4D155D701ABA5998001664B9 /* Release */ = {
			isa = XCBuildConfiguration;
			buildSettings = {
				ASSETCATALOG_COMPILER_APPICON_NAME = AppIcon;
				INFOPLIST_FILE = PlainMasterDetail/Info.plist;
				LD_RUNPATH_SEARCH_PATHS = "$(inherited) @executable_path/Frameworks";
				PRODUCT_BUNDLE_IDENTIFIER = "Udacity.$(PRODUCT_NAME:rfc1034identifier)";
				PRODUCT_NAME = "$(TARGET_NAME)";
			};
			name = Release;
		};
		4D155D721ABA5998001664B9 /* Debug */ = {
			isa = XCBuildConfiguration;
			buildSettings = {
				BUNDLE_LOADER = "$(TEST_HOST)";
				FRAMEWORK_SEARCH_PATHS = (
					"$(SDKROOT)/Developer/Library/Frameworks",
					"$(inherited)",
				);
				GCC_PREPROCESSOR_DEFINITIONS = (
					"DEBUG=1",
					"$(inherited)",
				);
				INFOPLIST_FILE = PlainMasterDetailTests/Info.plist;
				LD_RUNPATH_SEARCH_PATHS = "$(inherited) @executable_path/Frameworks @loader_path/Frameworks";
				PRODUCT_BUNDLE_IDENTIFIER = "Udacity.$(PRODUCT_NAME:rfc1034identifier)";
				PRODUCT_NAME = "$(TARGET_NAME)";
				TEST_HOST = "$(BUILT_PRODUCTS_DIR)/PlainMasterDetail.app/PlainMasterDetail";
			};
			name = Debug;
		};
		4D155D731ABA5998001664B9 /* Release */ = {
			isa = XCBuildConfiguration;
			buildSettings = {
				BUNDLE_LOADER = "$(TEST_HOST)";
				FRAMEWORK_SEARCH_PATHS = (
					"$(SDKROOT)/Developer/Library/Frameworks",
					"$(inherited)",
				);
				INFOPLIST_FILE = PlainMasterDetailTests/Info.plist;
				LD_RUNPATH_SEARCH_PATHS = "$(inherited) @executable_path/Frameworks @loader_path/Frameworks";
				PRODUCT_BUNDLE_IDENTIFIER = "Udacity.$(PRODUCT_NAME:rfc1034identifier)";
				PRODUCT_NAME = "$(TARGET_NAME)";
				TEST_HOST = "$(BUILT_PRODUCTS_DIR)/PlainMasterDetail.app/PlainMasterDetail";
			};
			name = Release;
		};
/* End XCBuildConfiguration section */

/* Begin XCConfigurationList section */
		4D155D451ABA5997001664B9 /* Build configuration list for PBXProject "PlainMasterDetail" */ = {
			isa = XCConfigurationList;
			buildConfigurations = (
				4D155D6C1ABA5998001664B9 /* Debug */,
				4D155D6D1ABA5998001664B9 /* Release */,
			);
			defaultConfigurationIsVisible = 0;
			defaultConfigurationName = Release;
		};
		4D155D6E1ABA5998001664B9 /* Build configuration list for PBXNativeTarget "PlainMasterDetail" */ = {
			isa = XCConfigurationList;
			buildConfigurations = (
				4D155D6F1ABA5998001664B9 /* Debug */,
				4D155D701ABA5998001664B9 /* Release */,
			);
			defaultConfigurationIsVisible = 0;
			defaultConfigurationName = Release;
		};
		4D155D711ABA5998001664B9 /* Build configuration list for PBXNativeTarget "PlainMasterDetailTests" */ = {
			isa = XCConfigurationList;
			buildConfigurations = (
				4D155D721ABA5998001664B9 /* Debug */,
				4D155D731ABA5998001664B9 /* Release */,
			);
			defaultConfigurationIsVisible = 0;
			defaultConfigurationName = Release;
		};
/* End XCConfigurationList section */

/* Begin XCVersionGroup section */
		D2B44F6B1C09710D005DD9D0 /* Model.xcdatamodeld */ = {
			isa = XCVersionGroup;
			children = (
				D2B44F6C1C09710D005DD9D0 /* Model.xcdatamodel */,
			);
			currentVersion = D2B44F6C1C09710D005DD9D0 /* Model.xcdatamodel */;
			path = Model.xcdatamodeld;
			sourceTree = "<group>";
			versionGroupType = wrapper.xcdatamodel;
		};
/* End XCVersionGroup section */
	};
	rootObject = 4D155D421ABA5997001664B9 /* Project object */;
}
