// !$*UTF8*$!
{
	archiveVersion = 1;
	classes = {
	};
	objectVersion = 46;
	objects = {

/* Begin PBXBuildFile section */
		D2964BFA1C78AC7200D5FF5C /* AppDelegate.swift in Sources */ = {isa = PBXBuildFile; fileRef = D2964BF91C78AC7200D5FF5C /* AppDelegate.swift */; };
		D2964BFC1C78AC7200D5FF5C /* ViewController.swift in Sources */ = {isa = PBXBuildFile; fileRef = D2964BFB1C78AC7200D5FF5C /* ViewController.swift */; };
		D2964BFF1C78AC7200D5FF5C /* Main.storyboard in Resources */ = {isa = PBXBuildFile; fileRef = D2964BFD1C78AC7200D5FF5C /* Main.storyboard */; };
		D2964C011C78AC7200D5FF5C /* Assets.xcassets in Resources */ = {isa = PBXBuildFile; fileRef = D2964C001C78AC7200D5FF5C /* Assets.xcassets */; };
		D2964C041C78AC7200D5FF5C /* LaunchScreen.storyboard in Resources */ = {isa = PBXBuildFile; fileRef = D2964C021C78AC7200D5FF5C /* LaunchScreen.storyboard */; };
		D2964C0F1C78AC7200D5FF5C /* GCD_practiceTests.swift in Sources */ = {isa = PBXBuildFile; fileRef = D2964C0E1C78AC7200D5FF5C /* GCD_practiceTests.swift */; };
		D2964C1A1C78AC7200D5FF5C /* GCD_practiceUITests.swift in Sources */ = {isa = PBXBuildFile; fileRef = D2964C191C78AC7200D5FF5C /* GCD_practiceUITests.swift */; };
/* End PBXBuildFile section */

/* Begin PBXContainerItemProxy section */
		D2964C0B1C78AC7200D5FF5C /* PBXContainerItemProxy */ = {
			isa = PBXContainerItemProxy;
			containerPortal = D2964BEE1C78AC7200D5FF5C /* Project object */;
			proxyType = 1;
			remoteGlobalIDString = D2964BF51C78AC7200D5FF5C;
			remoteInfo = GCD_practice;
		};
		D2964C161C78AC7200D5FF5C /* PBXContainerItemProxy */ = {
			isa = PBXContainerItemProxy;
			containerPortal = D2964BEE1C78AC7200D5FF5C /* Project object */;
			proxyType = 1;
			remoteGlobalIDString = D2964BF51C78AC7200D5FF5C;
			remoteInfo = GCD_practice;
		};
/* End PBXContainerItemProxy section */

/* Begin PBXFileReference section */
		D2964BF61C78AC7200D5FF5C /* GCD_practice.app */ = {isa = PBXFileReference; explicitFileType = wrapper.application; includeInIndex = 0; path = GCD_practice.app; sourceTree = BUILT_PRODUCTS_DIR; };
		D2964BF91C78AC7200D5FF5C /* AppDelegate.swift */ = {isa = PBXFileReference; lastKnownFileType = sourcecode.swift; path = AppDelegate.swift; sourceTree = "<group>"; };
		D2964BFB1C78AC7200D5FF5C /* ViewController.swift */ = {isa = PBXFileReference; lastKnownFileType = sourcecode.swift; path = ViewController.swift; sourceTree = "<group>"; };
		D2964BFE1C78AC7200D5FF5C /* Base */ = {isa = PBXFileReference; lastKnownFileType = file.storyboard; name = Base; path = Base.lproj/Main.storyboard; sourceTree = "<group>"; };
		D2964C001C78AC7200D5FF5C /* Assets.xcassets */ = {isa = PBXFileReference; lastKnownFileType = folder.assetcatalog; path = Assets.xcassets; sourceTree = "<group>"; };
		D2964C031C78AC7200D5FF5C /* Base */ = {isa = PBXFileReference; lastKnownFileType = file.storyboard; name = Base; path = Base.lproj/LaunchScreen.storyboard; sourceTree = "<group>"; };
		D2964C051C78AC7200D5FF5C /* Info.plist */ = {isa = PBXFileReference; lastKnownFileType = text.plist.xml; path = Info.plist; sourceTree = "<group>"; };
		D2964C0A1C78AC7200D5FF5C /* GCD_practiceTests.xctest */ = {isa = PBXFileReference; explicitFileType = wrapper.cfbundle; includeInIndex = 0; path = GCD_practiceTests.xctest; sourceTree = BUILT_PRODUCTS_DIR; };
		D2964C0E1C78AC7200D5FF5C /* GCD_practiceTests.swift */ = {isa = PBXFileReference; lastKnownFileType = sourcecode.swift; path = GCD_practiceTests.swift; sourceTree = "<group>"; };
		D2964C101C78AC7200D5FF5C /* Info.plist */ = {isa = PBXFileReference; lastKnownFileType = text.plist.xml; path = Info.plist; sourceTree = "<group>"; };
		D2964C151C78AC7200D5FF5C /* GCD_practiceUITests.xctest */ = {isa = PBXFileReference; explicitFileType = wrapper.cfbundle; includeInIndex = 0; path = GCD_practiceUITests.xctest; sourceTree = BUILT_PRODUCTS_DIR; };
		D2964C191C78AC7200D5FF5C /* GCD_practiceUITests.swift */ = {isa = PBXFileReference; lastKnownFileType = sourcecode.swift; path = GCD_practiceUITests.swift; sourceTree = "<group>"; };
		D2964C1B1C78AC7200D5FF5C /* Info.plist */ = {isa = PBXFileReference; lastKnownFileType = text.plist.xml; path = Info.plist; sourceTree = "<group>"; };
/* End PBXFileReference section */

/* Begin PBXFrameworksBuildPhase section */
		D2964BF31C78AC7200D5FF5C /* Frameworks */ = {
			isa = PBXFrameworksBuildPhase;
			buildActionMask = 2147483647;
			files = (
			);
			runOnlyForDeploymentPostprocessing = 0;
		};
		D2964C071C78AC7200D5FF5C /* Frameworks */ = {
			isa = PBXFrameworksBuildPhase;
			buildActionMask = 2147483647;
			files = (
			);
			runOnlyForDeploymentPostprocessing = 0;
		};
		D2964C121C78AC7200D5FF5C /* Frameworks */ = {
			isa = PBXFrameworksBuildPhase;
			buildActionMask = 2147483647;
			files = (
			);
			runOnlyForDeploymentPostprocessing = 0;
		};
/* End PBXFrameworksBuildPhase section */

/* Begin PBXGroup section */
		D2964BED1C78AC7200D5FF5C = {
			isa = PBXGroup;
			children = (
				D2964BF81C78AC7200D5FF5C /* GCD_practice */,
				D2964C0D1C78AC7200D5FF5C /* GCD_practiceTests */,
				D2964C181C78AC7200D5FF5C /* GCD_practiceUITests */,
				D2964BF71C78AC7200D5FF5C /* Products */,
			);
			sourceTree = "<group>";
		};
		D2964BF71C78AC7200D5FF5C /* Products */ = {
			isa = PBXGroup;
			children = (
				D2964BF61C78AC7200D5FF5C /* GCD_practice.app */,
				D2964C0A1C78AC7200D5FF5C /* GCD_practiceTests.xctest */,
				D2964C151C78AC7200D5FF5C /* GCD_practiceUITests.xctest */,
			);
			name = Products;
			sourceTree = "<group>";
		};
		D2964BF81C78AC7200D5FF5C /* GCD_practice */ = {
			isa = PBXGroup;
			children = (
				D2964BF91C78AC7200D5FF5C /* AppDelegate.swift */,
				D2964BFB1C78AC7200D5FF5C /* ViewController.swift */,
				D2964BFD1C78AC7200D5FF5C /* Main.storyboard */,
				D2964C001C78AC7200D5FF5C /* Assets.xcassets */,
				D2964C021C78AC7200D5FF5C /* LaunchScreen.storyboard */,
				D2964C051C78AC7200D5FF5C /* Info.plist */,
			);
			path = GCD_practice;
			sourceTree = "<group>";
		};
		D2964C0D1C78AC7200D5FF5C /* GCD_practiceTests */ = {
			isa = PBXGroup;
			children = (
				D2964C0E1C78AC7200D5FF5C /* GCD_practiceTests.swift */,
				D2964C101C78AC7200D5FF5C /* Info.plist */,
			);
			path = GCD_practiceTests;
			sourceTree = "<group>";
		};
		D2964C181C78AC7200D5FF5C /* GCD_practiceUITests */ = {
			isa = PBXGroup;
			children = (
				D2964C191C78AC7200D5FF5C /* GCD_practiceUITests.swift */,
				D2964C1B1C78AC7200D5FF5C /* Info.plist */,
			);
			path = GCD_practiceUITests;
			sourceTree = "<group>";
		};
/* End PBXGroup section */

/* Begin PBXNativeTarget section */
		D2964BF51C78AC7200D5FF5C /* GCD_practice */ = {
			isa = PBXNativeTarget;
			buildConfigurationList = D2964C1E1C78AC7200D5FF5C /* Build configuration list for PBXNativeTarget "GCD_practice" */;
			buildPhases = (
				D2964BF21C78AC7200D5FF5C /* Sources */,
				D2964BF31C78AC7200D5FF5C /* Frameworks */,
				D2964BF41C78AC7200D5FF5C /* Resources */,
			);
			buildRules = (
			);
			dependencies = (
			);
			name = GCD_practice;
			productName = GCD_practice;
			productReference = D2964BF61C78AC7200D5FF5C /* GCD_practice.app */;
			productType = "com.apple.product-type.application";
		};
		D2964C091C78AC7200D5FF5C /* GCD_practiceTests */ = {
			isa = PBXNativeTarget;
			buildConfigurationList = D2964C211C78AC7200D5FF5C /* Build configuration list for PBXNativeTarget "GCD_practiceTests" */;
			buildPhases = (
				D2964C061C78AC7200D5FF5C /* Sources */,
				D2964C071C78AC7200D5FF5C /* Frameworks */,
				D2964C081C78AC7200D5FF5C /* Resources */,
			);
			buildRules = (
			);
			dependencies = (
				D2964C0C1C78AC7200D5FF5C /* PBXTargetDependency */,
			);
			name = GCD_practiceTests;
			productName = GCD_practiceTests;
			productReference = D2964C0A1C78AC7200D5FF5C /* GCD_practiceTests.xctest */;
			productType = "com.apple.product-type.bundle.unit-test";
		};
		D2964C141C78AC7200D5FF5C /* GCD_practiceUITests */ = {
			isa = PBXNativeTarget;
			buildConfigurationList = D2964C241C78AC7200D5FF5C /* Build configuration list for PBXNativeTarget "GCD_practiceUITests" */;
			buildPhases = (
				D2964C111C78AC7200D5FF5C /* Sources */,
				D2964C121C78AC7200D5FF5C /* Frameworks */,
				D2964C131C78AC7200D5FF5C /* Resources */,
			);
			buildRules = (
			);
			dependencies = (
				D2964C171C78AC7200D5FF5C /* PBXTargetDependency */,
			);
			name = GCD_practiceUITests;
			productName = GCD_practiceUITests;
			productReference = D2964C151C78AC7200D5FF5C /* GCD_practiceUITests.xctest */;
			productType = "com.apple.product-type.bundle.ui-testing";
		};
/* End PBXNativeTarget section */

/* Begin PBXProject section */
		D2964BEE1C78AC7200D5FF5C /* Project object */ = {
			isa = PBXProject;
			attributes = {
				LastSwiftUpdateCheck = 0710;
				LastUpgradeCheck = 0710;
				ORGANIZATIONNAME = wook2;
				TargetAttributes = {
					D2964BF51C78AC7200D5FF5C = {
						CreatedOnToolsVersion = 7.1;
					};
					D2964C091C78AC7200D5FF5C = {
						CreatedOnToolsVersion = 7.1;
						TestTargetID = D2964BF51C78AC7200D5FF5C;
					};
					D2964C141C78AC7200D5FF5C = {
						CreatedOnToolsVersion = 7.1;
						TestTargetID = D2964BF51C78AC7200D5FF5C;
					};
				};
			};
			buildConfigurationList = D2964BF11C78AC7200D5FF5C /* Build configuration list for PBXProject "GCD_practice" */;
			compatibilityVersion = "Xcode 3.2";
			developmentRegion = English;
			hasScannedForEncodings = 0;
			knownRegions = (
				en,
				Base,
			);
			mainGroup = D2964BED1C78AC7200D5FF5C;
			productRefGroup = D2964BF71C78AC7200D5FF5C /* Products */;
			projectDirPath = "";
			projectRoot = "";
			targets = (
				D2964BF51C78AC7200D5FF5C /* GCD_practice */,
				D2964C091C78AC7200D5FF5C /* GCD_practiceTests */,
				D2964C141C78AC7200D5FF5C /* GCD_practiceUITests */,
			);
		};
/* End PBXProject section */

/* Begin PBXResourcesBuildPhase section */
		D2964BF41C78AC7200D5FF5C /* Resources */ = {
			isa = PBXResourcesBuildPhase;
			buildActionMask = 2147483647;
			files = (
				D2964C041C78AC7200D5FF5C /* LaunchScreen.storyboard in Resources */,
				D2964C011C78AC7200D5FF5C /* Assets.xcassets in Resources */,
				D2964BFF1C78AC7200D5FF5C /* Main.storyboard in Resources */,
			);
			runOnlyForDeploymentPostprocessing = 0;
		};
		D2964C081C78AC7200D5FF5C /* Resources */ = {
			isa = PBXResourcesBuildPhase;
			buildActionMask = 2147483647;
			files = (
			);
			runOnlyForDeploymentPostprocessing = 0;
		};
		D2964C131C78AC7200D5FF5C /* Resources */ = {
			isa = PBXResourcesBuildPhase;
			buildActionMask = 2147483647;
			files = (
			);
			runOnlyForDeploymentPostprocessing = 0;
		};
/* End PBXResourcesBuildPhase section */

/* Begin PBXSourcesBuildPhase section */
		D2964BF21C78AC7200D5FF5C /* Sources */ = {
			isa = PBXSourcesBuildPhase;
			buildActionMask = 2147483647;
			files = (
				D2964BFC1C78AC7200D5FF5C /* ViewController.swift in Sources */,
				D2964BFA1C78AC7200D5FF5C /* AppDelegate.swift in Sources */,
			);
			runOnlyForDeploymentPostprocessing = 0;
		};
		D2964C061C78AC7200D5FF5C /* Sources */ = {
			isa = PBXSourcesBuildPhase;
			buildActionMask = 2147483647;
			files = (
				D2964C0F1C78AC7200D5FF5C /* GCD_practiceTests.swift in Sources */,
			);
			runOnlyForDeploymentPostprocessing = 0;
		};
		D2964C111C78AC7200D5FF5C /* Sources */ = {
			isa = PBXSourcesBuildPhase;
			buildActionMask = 2147483647;
			files = (
				D2964C1A1C78AC7200D5FF5C /* GCD_practiceUITests.swift in Sources */,
			);
			runOnlyForDeploymentPostprocessing = 0;
		};
/* End PBXSourcesBuildPhase section */

/* Begin PBXTargetDependency section */
		D2964C0C1C78AC7200D5FF5C /* PBXTargetDependency */ = {
			isa = PBXTargetDependency;
			target = D2964BF51C78AC7200D5FF5C /* GCD_practice */;
			targetProxy = D2964C0B1C78AC7200D5FF5C /* PBXContainerItemProxy */;
		};
		D2964C171C78AC7200D5FF5C /* PBXTargetDependency */ = {
			isa = PBXTargetDependency;
			target = D2964BF51C78AC7200D5FF5C /* GCD_practice */;
			targetProxy = D2964C161C78AC7200D5FF5C /* PBXContainerItemProxy */;
		};
/* End PBXTargetDependency section */

/* Begin PBXVariantGroup section */
		D2964BFD1C78AC7200D5FF5C /* Main.storyboard */ = {
			isa = PBXVariantGroup;
			children = (
				D2964BFE1C78AC7200D5FF5C /* Base */,
			);
			name = Main.storyboard;
			sourceTree = "<group>";
		};
		D2964C021C78AC7200D5FF5C /* LaunchScreen.storyboard */ = {
			isa = PBXVariantGroup;
			children = (
				D2964C031C78AC7200D5FF5C /* Base */,
			);
			name = LaunchScreen.storyboard;
			sourceTree = "<group>";
		};
/* End PBXVariantGroup section */

/* Begin XCBuildConfiguration section */
		D2964C1C1C78AC7200D5FF5C /* Debug */ = {
			isa = XCBuildConfiguration;
			buildSettings = {
				ALWAYS_SEARCH_USER_PATHS = NO;
				CLANG_CXX_LANGUAGE_STANDARD = "gnu++0x";
				CLANG_CXX_LIBRARY = "libc++";
				CLANG_ENABLE_MODULES = YES;
				CLANG_ENABLE_OBJC_ARC = YES;
				CLANG_WARN_BOOL_CONVERSION = YES;
				CLANG_WARN_CONSTANT_CONVERSION = YES;
				CLANG_WARN_DIRECT_OBJC_ISA_USAGE = YES_ERROR;
				CLANG_WARN_EMPTY_BODY = YES;
				CLANG_WARN_ENUM_CONVERSION = YES;
				CLANG_WARN_INT_CONVERSION = YES;
				CLANG_WARN_OBJC_ROOT_CLASS = YES_ERROR;
				CLANG_WARN_UNREACHABLE_CODE = YES;
				CLANG_WARN__DUPLICATE_METHOD_MATCH = YES;
				"CODE_SIGN_IDENTITY[sdk=iphoneos*]" = "iPhone Developer";
				COPY_PHASE_STRIP = NO;
				DEBUG_INFORMATION_FORMAT = dwarf;
				ENABLE_STRICT_OBJC_MSGSEND = YES;
				ENABLE_TESTABILITY = YES;
				GCC_C_LANGUAGE_STANDARD = gnu99;
				GCC_DYNAMIC_NO_PIC = NO;
				GCC_NO_COMMON_BLOCKS = YES;
				GCC_OPTIMIZATION_LEVEL = 0;
				GCC_PREPROCESSOR_DEFINITIONS = (
					"DEBUG=1",
					"$(inherited)",
				);
				GCC_WARN_64_TO_32_BIT_CONVERSION = YES;
				GCC_WARN_ABOUT_RETURN_TYPE = YES_ERROR;
				GCC_WARN_UNDECLARED_SELECTOR = YES;
				GCC_WARN_UNINITIALIZED_AUTOS = YES_AGGRESSIVE;
				GCC_WARN_UNUSED_FUNCTION = YES;
				GCC_WARN_UNUSED_VARIABLE = YES;
				IPHONEOS_DEPLOYMENT_TARGET = 9.1;
				MTL_ENABLE_DEBUG_INFO = YES;
				ONLY_ACTIVE_ARCH = YES;
				SDKROOT = iphoneos;
				SWIFT_OPTIMIZATION_LEVEL = "-Onone";
			};
			name = Debug;
		};
		D2964C1D1C78AC7200D5FF5C /* Release */ = {
			isa = XCBuildConfiguration;
			buildSettings = {
				ALWAYS_SEARCH_USER_PATHS = NO;
				CLANG_CXX_LANGUAGE_STANDARD = "gnu++0x";
				CLANG_CXX_LIBRARY = "libc++";
				CLANG_ENABLE_MODULES = YES;
				CLANG_ENABLE_OBJC_ARC = YES;
				CLANG_WARN_BOOL_CONVERSION = YES;
				CLANG_WARN_CONSTANT_CONVERSION = YES;
				CLANG_WARN_DIRECT_OBJC_ISA_USAGE = YES_ERROR;
				CLANG_WARN_EMPTY_BODY = YES;
				CLANG_WARN_ENUM_CONVERSION = YES;
				CLANG_WARN_INT_CONVERSION = YES;
				CLANG_WARN_OBJC_ROOT_CLASS = YES_ERROR;
				CLANG_WARN_UNREACHABLE_CODE = YES;
				CLANG_WARN__DUPLICATE_METHOD_MATCH = YES;
				"CODE_SIGN_IDENTITY[sdk=iphoneos*]" = "iPhone Developer";
				COPY_PHASE_STRIP = NO;
				DEBUG_INFORMATION_FORMAT = "dwarf-with-dsym";
				ENABLE_NS_ASSERTIONS = NO;
				ENABLE_STRICT_OBJC_MSGSEND = YES;
				GCC_C_LANGUAGE_STANDARD = gnu99;
				GCC_NO_COMMON_BLOCKS = YES;
				GCC_WARN_64_TO_32_BIT_CONVERSION = YES;
				GCC_WARN_ABOUT_RETURN_TYPE = YES_ERROR;
				GCC_WARN_UNDECLARED_SELECTOR = YES;
				GCC_WARN_UNINITIALIZED_AUTOS = YES_AGGRESSIVE;
				GCC_WARN_UNUSED_FUNCTION = YES;
				GCC_WARN_UNUSED_VARIABLE = YES;
				IPHONEOS_DEPLOYMENT_TARGET = 9.1;
				MTL_ENABLE_DEBUG_INFO = NO;
				SDKROOT = iphoneos;
				VALIDATE_PRODUCT = YES;
			};
			name = Release;
		};
		D2964C1F1C78AC7200D5FF5C /* Debug */ = {
			isa = XCBuildConfiguration;
			buildSettings = {
				ASSETCATALOG_COMPILER_APPICON_NAME = AppIcon;
				INFOPLIST_FILE = GCD_practice/Info.plist;
				LD_RUNPATH_SEARCH_PATHS = "$(inherited) @executable_path/Frameworks";
				PRODUCT_BUNDLE_IDENTIFIER = "com.wook2.GCD-practice";
				PRODUCT_NAME = "$(TARGET_NAME)";
			};
			name = Debug;
		};
		D2964C201C78AC7200D5FF5C /* Release */ = {
			isa = XCBuildConfiguration;
			buildSettings = {
				ASSETCATALOG_COMPILER_APPICON_NAME = AppIcon;
				INFOPLIST_FILE = GCD_practice/Info.plist;
				LD_RUNPATH_SEARCH_PATHS = "$(inherited) @executable_path/Frameworks";
				PRODUCT_BUNDLE_IDENTIFIER = "com.wook2.GCD-practice";
				PRODUCT_NAME = "$(TARGET_NAME)";
			};
			name = Release;
		};
		D2964C221C78AC7200D5FF5C /* Debug */ = {
			isa = XCBuildConfiguration;
			buildSettings = {
				BUNDLE_LOADER = "$(TEST_HOST)";
				INFOPLIST_FILE = GCD_practiceTests/Info.plist;
				LD_RUNPATH_SEARCH_PATHS = "$(inherited) @executable_path/Frameworks @loader_path/Frameworks";
				PRODUCT_BUNDLE_IDENTIFIER = "com.wook2.GCD-practiceTests";
				PRODUCT_NAME = "$(TARGET_NAME)";
				TEST_HOST = "$(BUILT_PRODUCTS_DIR)/GCD_practice.app/GCD_practice";
			};
			name = Debug;
		};
		D2964C231C78AC7200D5FF5C /* Release */ = {
			isa = XCBuildConfiguration;
			buildSettings = {
				BUNDLE_LOADER = "$(TEST_HOST)";
				INFOPLIST_FILE = GCD_practiceTests/Info.plist;
				LD_RUNPATH_SEARCH_PATHS = "$(inherited) @executable_path/Frameworks @loader_path/Frameworks";
				PRODUCT_BUNDLE_IDENTIFIER = "com.wook2.GCD-practiceTests";
				PRODUCT_NAME = "$(TARGET_NAME)";
				TEST_HOST = "$(BUILT_PRODUCTS_DIR)/GCD_practice.app/GCD_practice";
			};
			name = Release;
		};
		D2964C251C78AC7200D5FF5C /* Debug */ = {
			isa = XCBuildConfiguration;
			buildSettings = {
				INFOPLIST_FILE = GCD_practiceUITests/Info.plist;
				LD_RUNPATH_SEARCH_PATHS = "$(inherited) @executable_path/Frameworks @loader_path/Frameworks";
				PRODUCT_BUNDLE_IDENTIFIER = "com.wook2.GCD-practiceUITests";
				PRODUCT_NAME = "$(TARGET_NAME)";
				TEST_TARGET_NAME = GCD_practice;
				USES_XCTRUNNER = YES;
			};
			name = Debug;
		};
		D2964C261C78AC7200D5FF5C /* Release */ = {
			isa = XCBuildConfiguration;
			buildSettings = {
				INFOPLIST_FILE = GCD_practiceUITests/Info.plist;
				LD_RUNPATH_SEARCH_PATHS = "$(inherited) @executable_path/Frameworks @loader_path/Frameworks";
				PRODUCT_BUNDLE_IDENTIFIER = "com.wook2.GCD-practiceUITests";
				PRODUCT_NAME = "$(TARGET_NAME)";
				TEST_TARGET_NAME = GCD_practice;
				USES_XCTRUNNER = YES;
			};
			name = Release;
		};
/* End XCBuildConfiguration section */

/* Begin XCConfigurationList section */
		D2964BF11C78AC7200D5FF5C /* Build configuration list for PBXProject "GCD_practice" */ = {
			isa = XCConfigurationList;
			buildConfigurations = (
				D2964C1C1C78AC7200D5FF5C /* Debug */,
				D2964C1D1C78AC7200D5FF5C /* Release */,
			);
			defaultConfigurationIsVisible = 0;
			defaultConfigurationName = Release;
		};
		D2964C1E1C78AC7200D5FF5C /* Build configuration list for PBXNativeTarget "GCD_practice" */ = {
			isa = XCConfigurationList;
			buildConfigurations = (
				D2964C1F1C78AC7200D5FF5C /* Debug */,
				D2964C201C78AC7200D5FF5C /* Release */,
			);
			defaultConfigurationIsVisible = 0;
		};
		D2964C211C78AC7200D5FF5C /* Build configuration list for PBXNativeTarget "GCD_practiceTests" */ = {
			isa = XCConfigurationList;
			buildConfigurations = (
				D2964C221C78AC7200D5FF5C /* Debug */,
				D2964C231C78AC7200D5FF5C /* Release */,
			);
			defaultConfigurationIsVisible = 0;
		};
		D2964C241C78AC7200D5FF5C /* Build configuration list for PBXNativeTarget "GCD_practiceUITests" */ = {
			isa = XCConfigurationList;
			buildConfigurations = (
				D2964C251C78AC7200D5FF5C /* Debug */,
				D2964C261C78AC7200D5FF5C /* Release */,
			);
			defaultConfigurationIsVisible = 0;
		};
/* End XCConfigurationList section */
	};
	rootObject = D2964BEE1C78AC7200D5FF5C /* Project object */;
}
